
Microsoft Visual Studio Solution File, Format Version 12.00
# Visual Studio 2017
Project("{FAE04EC0-301F-11D3-BF4B-00C04F79EFBC}") = "DrinkVendingMachine", "DrinkVendingMachine.csproj", "{2DE3D070-D877-4F3F-8A10-621A0833F8CC}"
EndProject
Project("{FAE04EC0-301F-11D3-BF4B-00C04F79EFBC}") = "DrinkVendingMachine.Test", "DrinkVendingMachine.Test\DrinkVendingMachine.Test.csproj", "{66382D3F-740B-417D-BF1D-321A4D3B39C8}"
EndProject
Global
	GlobalSection(SolutionConfigurationPlatforms) = preSolution
		Debug|Any CPU = Debug|Any CPU
		Release|Any CPU = Release|Any CPU
	EndGlobalSection
	GlobalSection(ProjectConfigurationPlatforms) = postSolution
		{2DE3D070-D877-4F3F-8A10-621A0833F8CC}.Debug|Any CPU.ActiveCfg = Debug|Any CPU
		{2DE3D070-D877-4F3F-8A10-621A0833F8CC}.Debug|Any CPU.Build.0 = Debug|Any CPU
		{2DE3D070-D877-4F3F-8A10-621A0833F8CC}.Release|Any CPU.ActiveCfg = Release|Any CPU
		{2DE3D070-D877-4F3F-8A10-621A0833F8CC}.Release|Any CPU.Build.0 = Release|Any CPU
		{66382D3F-740B-417D-BF1D-321A4D3B39C8}.Debug|Any CPU.ActiveCfg = Debug|Any CPU
		{66382D3F-740B-417D-BF1D-321A4D3B39C8}.Debug|Any CPU.Build.0 = Debug|Any CPU
		{66382D3F-740B-417D-BF1D-321A4D3B39C8}.Release|Any CPU.ActiveCfg = Release|Any CPU
		{66382D3F-740B-417D-BF1D-321A4D3B39C8}.Release|Any CPU.Build.0 = Release|Any CPU
	EndGlobalSection
EndGlobal
